
Microsoft Visual Studio Solution File, Format Version 12.00
# Visual Studio Version 16
VisualStudioVersion = 16.0.29306.81
MinimumVisualStudioVersion = 10.0.40219.1
Project("{FAE04EC0-301F-11D3-BF4B-00C04F79EFBC}") = "TF2-ParticleConverter", "TF2-ParticleConverter\TF2-ParticleConverter.csproj", "{A99F19DD-CD73-4B7B-B0BD-CD11EECD46CB}"
EndProject
Global
	GlobalSection(SolutionConfigurationPlatforms) = preSolution
		Debug|Any CPU = Debug|Any CPU
		Release|Any CPU = Release|Any CPU
	EndGlobalSection
	GlobalSection(ProjectConfigurationPlatforms) = postSolution
		{A99F19DD-CD73-4B7B-B0BD-CD11EECD46CB}.Debug|Any CPU.ActiveCfg = Debug|Any CPU
		{A99F19DD-CD73-4B7B-B0BD-CD11EECD46CB}.Debug|Any CPU.Build.0 = Debug|Any CPU
		{A99F19DD-CD73-4B7B-B0BD-CD11EECD46CB}.Release|Any CPU.ActiveCfg = Release|Any CPU
		{A99F19DD-CD73-4B7B-B0BD-CD11EECD46CB}.Release|Any CPU.Build.0 = Release|Any CPU
	EndGlobalSection
	GlobalSection(SolutionProperties) = preSolution
		HideSolutionNode = FALSE
	EndGlobalSection
	GlobalSection(ExtensibilityGlobals) = postSolution
		SolutionGuid = {5E9885C3-B3D7-4BB0-89FD-CA1B73044C96}
	EndGlobalSection
EndGlobal
