
Microsoft Visual Studio Solution File, Format Version 12.00
# Visual Studio Version 16
VisualStudioVersion = 16.0.30413.136
MinimumVisualStudioVersion = 10.0.40219.1
Project("{FAE04EC0-301F-11D3-BF4B-00C04F79EFBC}") = "TF2.ParticleTool", "TF2.ParticleTool\TF2.ParticleTool.csproj", "{4FBA4DB8-283C-4FD2-83C2-3C2BC0E0B88C}"
EndProject
Global
	GlobalSection(SolutionConfigurationPlatforms) = preSolution
		Debug|Any CPU = Debug|Any CPU
		Release|Any CPU = Release|Any CPU
	EndGlobalSection
	GlobalSection(ProjectConfigurationPlatforms) = postSolution
		{4FBA4DB8-283C-4FD2-83C2-3C2BC0E0B88C}.Debug|Any CPU.ActiveCfg = Debug|Any CPU
		{4FBA4DB8-283C-4FD2-83C2-3C2BC0E0B88C}.Debug|Any CPU.Build.0 = Debug|Any CPU
		{4FBA4DB8-283C-4FD2-83C2-3C2BC0E0B88C}.Release|Any CPU.ActiveCfg = Release|Any CPU
		{4FBA4DB8-283C-4FD2-83C2-3C2BC0E0B88C}.Release|Any CPU.Build.0 = Release|Any CPU
	EndGlobalSection
	GlobalSection(SolutionProperties) = preSolution
		HideSolutionNode = FALSE
	EndGlobalSection
	GlobalSection(ExtensibilityGlobals) = postSolution
		SolutionGuid = {591661A8-0CF4-4E31-AE28-3A2743F72EBB}
	EndGlobalSection
EndGlobal
